Microsoft Visual Studio Solution File, Format Version 12.00
# Visual Studio Version 17
VisualStudioVersion = 17.5.2.0
MinimumVisualStudioVersion = 10.0.40219.1
Project("{FAE04EC0-301F-11D3-BF4B-00C04F79EFBC}") = "pokeCatch", "pokeCatch.csproj", "{22C150E9-64B7-EDEA-B4B4-5D2730098F45}"
EndProject
Global
	GlobalSection(SolutionConfigurationPlatforms) = preSolution
		Debug|Any CPU = Debug|Any CPU
		Release|Any CPU = Release|Any CPU
	EndGlobalSection
	GlobalSection(ProjectConfigurationPlatforms) = postSolution
		{22C150E9-64B7-EDEA-B4B4-5D2730098F45}.Debug|Any CPU.ActiveCfg = Debug|Any CPU
		{22C150E9-64B7-EDEA-B4B4-5D2730098F45}.Debug|Any CPU.Build.0 = Debug|Any CPU
		{22C150E9-64B7-EDEA-B4B4-5D2730098F45}.Release|Any CPU.ActiveCfg = Release|Any CPU
		{22C150E9-64B7-EDEA-B4B4-5D2730098F45}.Release|Any CPU.Build.0 = Release|Any CPU
	EndGlobalSection
	GlobalSection(SolutionProperties) = preSolution
		HideSolutionNode = FALSE
	EndGlobalSection
	GlobalSection(ExtensibilityGlobals) = postSolution
		SolutionGuid = {8BE89B7F-0ABD-4FE2-B07F-AEB63B3990B3}
	EndGlobalSection
EndGlobal
